
Microsoft Visual Studio Solution File, Format Version 12.00
# Visual Studio Version 17
VisualStudioVersion = 17.8.34322.80
MinimumVisualStudioVersion = 10.0.40219.1
Project("{FAE04EC0-301F-11D3-BF4B-00C04F79EFBC}") = "BlogWebsite", "BlogWebsite\BlogWebsite.csproj", "{057102B4-1A77-4CE4-BA06-54E5D6B7EB3C}"
EndProject
Global
	GlobalSection(SolutionConfigurationPlatforms) = preSolution
		Debug|Any CPU = Debug|Any CPU
		Release|Any CPU = Release|Any CPU
	EndGlobalSection
	GlobalSection(ProjectConfigurationPlatforms) = postSolution
		{057102B4-1A77-4CE4-BA06-54E5D6B7EB3C}.Debug|Any CPU.ActiveCfg = Debug|Any CPU
		{057102B4-1A77-4CE4-BA06-54E5D6B7EB3C}.Debug|Any CPU.Build.0 = Debug|Any CPU
		{057102B4-1A77-4CE4-BA06-54E5D6B7EB3C}.Release|Any CPU.ActiveCfg = Release|Any CPU
		{057102B4-1A77-4CE4-BA06-54E5D6B7EB3C}.Release|Any CPU.Build.0 = Release|Any CPU
	EndGlobalSection
	GlobalSection(SolutionProperties) = preSolution
		HideSolutionNode = FALSE
	EndGlobalSection
	GlobalSection(ExtensibilityGlobals) = postSolution
		SolutionGuid = {971108AF-F3B0-4604-8E63-1E4371A7B81C}
	EndGlobalSection
EndGlobal
